
Microsoft Visual Studio Solution File, Format Version 12.00
# Visual Studio Version 16
VisualStudioVersion = 16.0.30413.136
MinimumVisualStudioVersion = 10.0.40219.1
Project("{8BC9CEB8-8B4A-11D0-8D11-00A0C91BC942}") = "MemeCryptor", "MemeCryptor.vcxproj", "{E1771D33-DE76-40D3-BA2A-64BA0A7EEDFB}"
EndProject
Global
	GlobalSection(SolutionConfigurationPlatforms) = preSolution
		Debug|x64 = Debug|x64
		Debug|x86 = Debug|x86
		Release|x64 = Release|x64
		Release|x86 = Release|x86
	EndGlobalSection
	GlobalSection(ProjectConfigurationPlatforms) = postSolution
		{E1771D33-DE76-40D3-BA2A-64BA0A7EEDFB}.Debug|x64.ActiveCfg = Debug|x64
		{E1771D33-DE76-40D3-BA2A-64BA0A7EEDFB}.Debug|x64.Build.0 = Debug|x64
		{E1771D33-DE76-40D3-BA2A-64BA0A7EEDFB}.Debug|x86.ActiveCfg = Debug|Win32
		{E1771D33-DE76-40D3-BA2A-64BA0A7EEDFB}.Debug|x86.Build.0 = Debug|Win32
		{E1771D33-DE76-40D3-BA2A-64BA0A7EEDFB}.Release|x64.ActiveCfg = Release|x64
		{E1771D33-DE76-40D3-BA2A-64BA0A7EEDFB}.Release|x64.Build.0 = Release|x64
		{E1771D33-DE76-40D3-BA2A-64BA0A7EEDFB}.Release|x86.ActiveCfg = Release|Win32
		{E1771D33-DE76-40D3-BA2A-64BA0A7EEDFB}.Release|x86.Build.0 = Release|Win32
	EndGlobalSection
	GlobalSection(SolutionProperties) = preSolution
		HideSolutionNode = FALSE
	EndGlobalSection
	GlobalSection(ExtensibilityGlobals) = postSolution
		SolutionGuid = {5F96AA40-C627-4FE2-A04D-F276239615E4}
	EndGlobalSection
EndGlobal
